<?xml version="1.0" encoding="utf-8"?>
<Project ToolsVersion="4.0" xmlns="http://schemas.microsoft.com/developer/msbuild/2003">
  <ItemGroup>
    <Filter Include="소스 파일">
      <UniqueIdentifier>{4FC737F1-C7A5-4376-A066-2A32D752A2FF}</UniqueIdentifier>
      <Extensions>cpp;c;cc;cxx;def;odl;idl;hpj;bat;asm;asmx</Extensions>
    </Filter>
    <Filter Include="리소스 파일">
      <UniqueIdentifier>{67DA6AB6-F800-4c08-8B7A-83BB121AAD01}</UniqueIdentifier>
      <Extensions>rc;ico;cur;bmp;dlg;rc2;rct;bin;rgs;gif;jpg;jpeg;jpe;resx;tiff;tif;png;wav;mfcribbon-ms</Extensions>
    </Filter>
    <Filter Include="소스 파일\Windows">
      <UniqueIdentifier>{1939c1d5-3ff2-4c25-85e4-e8601b8b23d6}</UniqueIdentifier>
    </Filter>
    <Filter Include="소스 파일\System">
      <UniqueIdentifier>{99e1e3d8-99f7-4708-bb4f-d4d0c9cb34f4}</UniqueIdentifier>
    </Filter>
    <Filter Include="소스 파일\Time">
      <UniqueIdentifier>{a2d903cc-3a6b-4504-9a61-420934067833}</UniqueIdentifier>
    </Filter>
  </ItemGroup>
  <ItemGroup>
    <ClCompile Include="windows.cpp">
      <Filter>소스 파일\Windows</Filter>
    </ClCompile>
    <ClCompile Include="system.cpp">
      <Filter>소스 파일\System</Filter>
    </ClCompile>
    <ClCompile Include="time.cpp">
      <Filter>소스 파일\Time</Filter>
    </ClCompile>
  </ItemGroup>
  <ItemGroup>
    <ClInclude Include="system.h">
      <Filter>소스 파일\System</Filter>
    </ClInclude>
    <ClInclude Include="time.h">
      <Filter>소스 파일\Time</Filter>
    </ClInclude>
  </ItemGroup>
</Project>