<?xml version="1.0" encoding="utf-8"?>
<Project ToolsVersion="4.0" xmlns="http://schemas.microsoft.com/developer/msbuild/2003">
  <ItemGroup>
    <Filter Include="소스 파일">
      <UniqueIdentifier>{4FC737F1-C7A5-4376-A066-2A32D752A2FF}</UniqueIdentifier>
      <Extensions>cpp;c;cc;cxx;def;odl;idl;hpj;bat;asm;asmx</Extensions>
    </Filter>
    <Filter Include="리소스 파일">
      <UniqueIdentifier>{67DA6AB6-F800-4c08-8B7A-83BB121AAD01}</UniqueIdentifier>
      <Extensions>rc;ico;cur;bmp;dlg;rc2;rct;bin;rgs;gif;jpg;jpeg;jpe;resx;tiff;tif;png;wav;mfcribbon-ms</Extensions>
    </Filter>
    <Filter Include="소스 파일\Windows">
      <UniqueIdentifier>{1939c1d5-3ff2-4c25-85e4-e8601b8b23d6}</UniqueIdentifier>
    </Filter>
    <Filter Include="소스 파일\System">
      <UniqueIdentifier>{99e1e3d8-99f7-4708-bb4f-d4d0c9cb34f4}</UniqueIdentifier>
    </Filter>
    <Filter Include="소스 파일\Time">
      <UniqueIdentifier>{a2d903cc-3a6b-4504-9a61-420934067833}</UniqueIdentifier>
    </Filter>
    <Filter Include="소스 파일\Vulkan">
      <UniqueIdentifier>{3d79d8b3-b817-4bad-86dc-8831f7de0a03}</UniqueIdentifier>
    </Filter>
    <Filter Include="리소스 파일\Vulkan">
      <UniqueIdentifier>{fc2eab2f-a12e-49ba-a05b-b020ff072cb1}</UniqueIdentifier>
    </Filter>
    <Filter Include="소스 파일\Assert">
      <UniqueIdentifier>{0d5f01f1-ddf5-434f-97e4-9875d4a5811b}</UniqueIdentifier>
    </Filter>
    <Filter Include="소스 파일\Vulkan\Base">
      <UniqueIdentifier>{10011a03-d3e4-413c-8b36-83c80ae26696}</UniqueIdentifier>
    </Filter>
    <Filter Include="소스 파일\Vulkan\SwapChain">
      <UniqueIdentifier>{17276bea-e848-4d53-b445-74757c81a1e0}</UniqueIdentifier>
    </Filter>
    <Filter Include="소스 파일\Vulkan\FirstTriangle">
      <UniqueIdentifier>{94ebca88-95c5-4f8a-b102-7e6dc88e9a3c}</UniqueIdentifier>
    </Filter>
  </ItemGroup>
  <ItemGroup>
    <ClCompile Include="windows.cpp">
      <Filter>소스 파일\Windows</Filter>
    </ClCompile>
    <ClCompile Include="system.cpp">
      <Filter>소스 파일\System</Filter>
    </ClCompile>
    <ClCompile Include="time.cpp">
      <Filter>소스 파일\Time</Filter>
    </ClCompile>
    <ClCompile Include="myvulkan.cpp">
      <Filter>소스 파일\Vulkan</Filter>
    </ClCompile>
    <ClCompile Include="assert.cpp">
      <Filter>소스 파일\Assert</Filter>
    </ClCompile>
    <ClCompile Include="vkswapchain.cpp">
      <Filter>소스 파일\Vulkan\SwapChain</Filter>
    </ClCompile>
    <ClCompile Include="vkbase.cpp">
      <Filter>소스 파일\Vulkan\Base</Filter>
    </ClCompile>
    <ClCompile Include="vkfirsttriangle.cpp">
      <Filter>소스 파일\Vulkan\FirstTriangle</Filter>
    </ClCompile>
  </ItemGroup>
  <ItemGroup>
    <ClInclude Include="system.h">
      <Filter>소스 파일\System</Filter>
    </ClInclude>
    <ClInclude Include="time.h">
      <Filter>소스 파일\Time</Filter>
    </ClInclude>
    <ClInclude Include="resources\vulkan\vk_icd.h">
      <Filter>리소스 파일\Vulkan</Filter>
    </ClInclude>
    <ClInclude Include="resources\vulkan\vk_layer.h">
      <Filter>리소스 파일\Vulkan</Filter>
    </ClInclude>
    <ClInclude Include="resources\vulkan\vk_platform.h">
      <Filter>리소스 파일\Vulkan</Filter>
    </ClInclude>
    <ClInclude Include="resources\vulkan\vk_sdk_platform.h">
      <Filter>리소스 파일\Vulkan</Filter>
    </ClInclude>
    <ClInclude Include="resources\vulkan\vulkan.h">
      <Filter>리소스 파일\Vulkan</Filter>
    </ClInclude>
    <ClInclude Include="resources\vulkan\vulkan.hpp">
      <Filter>리소스 파일\Vulkan</Filter>
    </ClInclude>
    <ClInclude Include="resources\vulkan\vulkan_android.h">
      <Filter>리소스 파일\Vulkan</Filter>
    </ClInclude>
    <ClInclude Include="resources\vulkan\vulkan_core.h">
      <Filter>리소스 파일\Vulkan</Filter>
    </ClInclude>
    <ClInclude Include="resources\vulkan\vulkan_ios.h">
      <Filter>리소스 파일\Vulkan</Filter>
    </ClInclude>
    <ClInclude Include="resources\vulkan\vulkan_macos.h">
      <Filter>리소스 파일\Vulkan</Filter>
    </ClInclude>
    <ClInclude Include="resources\vulkan\vulkan_mir.h">
      <Filter>리소스 파일\Vulkan</Filter>
    </ClInclude>
    <ClInclude Include="resources\vulkan\vulkan_vi.h">
      <Filter>리소스 파일\Vulkan</Filter>
    </ClInclude>
    <ClInclude Include="resources\vulkan\vulkan_wayland.h">
      <Filter>리소스 파일\Vulkan</Filter>
    </ClInclude>
    <ClInclude Include="resources\vulkan\vulkan_win32.h">
      <Filter>리소스 파일\Vulkan</Filter>
    </ClInclude>
    <ClInclude Include="resources\vulkan\vulkan_xcb.h">
      <Filter>리소스 파일\Vulkan</Filter>
    </ClInclude>
    <ClInclude Include="resources\vulkan\vulkan_xlib.h">
      <Filter>리소스 파일\Vulkan</Filter>
    </ClInclude>
    <ClInclude Include="resources\vulkan\vulkan_xlib_xrandr.h">
      <Filter>리소스 파일\Vulkan</Filter>
    </ClInclude>
    <ClInclude Include="myvulkan.h">
      <Filter>소스 파일\Vulkan</Filter>
    </ClInclude>
    <ClInclude Include="assert.h">
      <Filter>소스 파일\Assert</Filter>
    </ClInclude>
    <ClInclude Include="vkbase.h">
      <Filter>소스 파일\Vulkan\Base</Filter>
    </ClInclude>
    <ClInclude Include="vkmode.h">
      <Filter>소스 파일\Vulkan</Filter>
    </ClInclude>
    <ClInclude Include="vkswapchain.h">
      <Filter>소스 파일\Vulkan\SwapChain</Filter>
    </ClInclude>
    <ClInclude Include="vkfirsttriangle.h">
      <Filter>소스 파일\Vulkan\FirstTriangle</Filter>
    </ClInclude>
    <ClInclude Include="fileio.h">
      <Filter>소스 파일\System</Filter>
    </ClInclude>
  </ItemGroup>
  <ItemGroup>
    <None Include="vulkanFunctions.inl">
      <Filter>소스 파일\Vulkan</Filter>
    </None>
    <None Include="using_vk_mode.setting">
      <Filter>소스 파일\Vulkan</Filter>
    </None>
  </ItemGroup>
</Project>